
Microsoft Visual Studio Solution File, Format Version 12.00
# Visual Studio Version 17
VisualStudioVersion = 17.4.33213.308
MinimumVisualStudioVersion = 10.0.40219.1
Project("{2150E333-8FDC-42A3-9474-1A3956D46DE8}") = "src", "src", "{ABF4EA44-75EB-4B32-B371-573AF8362F7A}"
EndProject
Project("{2150E333-8FDC-42A3-9474-1A3956D46DE8}") = "tests", "tests", "{C5B395B7-0995-4A3A-A482-0876E96E6209}"
EndProject
Project("{2150E333-8FDC-42A3-9474-1A3956D46DE8}") = "Abstractions", "Abstractions", "{A049B7EB-4415-49C3-9AB4-0252C761E551}"
EndProject
Project("{2150E333-8FDC-42A3-9474-1A3956D46DE8}") = "Implementation", "Implementation", "{B62A1B91-D350-4DF4-9584-6C59907EE749}"
EndProject
Project("{2150E333-8FDC-42A3-9474-1A3956D46DE8}") = "Solution Items", "Solution Items", "{CA1E4156-BDF6-4C3A-9F97-81AB7A11DE18}"
	ProjectSection(SolutionItems) = preProject
		.editorconfig = .editorconfig
		.gitignore = .gitignore
		Directory.Build.props = Directory.Build.props
		IsExternalInit.cs = IsExternalInit.cs
		LICENSE = LICENSE
		README.md = README.md
	EndProjectSection
EndProject
Project("{9A19103F-16F7-4668-BE54-9A1E7A4F7556}") = "MongoDB.Tests", "tests\MongoDB.Tests\MongoDB.Tests.csproj", "{8C1B8E35-DE60-4CC2-9B6A-497D24A46E8D}"
EndProject
Project("{9A19103F-16F7-4668-BE54-9A1E7A4F7556}") = "MongoDB.Infrastructure", "src\MongoDB.Infrastructure\MongoDB.Infrastructure.csproj", "{F4410309-32AA-45EA-968B-139F8F3D8739}"
EndProject
Project("{9A19103F-16F7-4668-BE54-9A1E7A4F7556}") = "MongoDB.QueryBuilder", "src\MongoDB.QueryBuilder\MongoDB.QueryBuilder.csproj", "{9A1A10BD-224D-47A0-A4A9-10D1D8AE847E}"
EndProject
Project("{9A19103F-16F7-4668-BE54-9A1E7A4F7556}") = "MongoDB.Repository", "src\MongoDB.Repository\MongoDB.Repository.csproj", "{459BA736-6BCC-45B8-A941-749B20362FE5}"
EndProject
Project("{9A19103F-16F7-4668-BE54-9A1E7A4F7556}") = "MongoDB.UnitOfWork", "src\MongoDB.UnitOfWork\MongoDB.UnitOfWork.csproj", "{D75ED75F-372C-45A7-8F51-5CF1C59C0008}"
EndProject
Project("{9A19103F-16F7-4668-BE54-9A1E7A4F7556}") = "MongoDB.Infrastructure.Abstractions", "src\MongoDB.Infrastructure.Abstractions\MongoDB.Infrastructure.Abstractions.csproj", "{ED0A8A1D-2F93-4D6B-B0F7-82BCBD29D796}"
EndProject
Project("{9A19103F-16F7-4668-BE54-9A1E7A4F7556}") = "MongoDB.QueryBuilder.Abstractions", "src\MongoDB.QueryBuilder.Abstractions\MongoDB.QueryBuilder.Abstractions.csproj", "{5B5EF722-2550-4E6E-91EB-FFF7186DD1E5}"
EndProject
Project("{9A19103F-16F7-4668-BE54-9A1E7A4F7556}") = "MongoDB.Repository.Abstractions", "src\MongoDB.Repository.Abstractions\MongoDB.Repository.Abstractions.csproj", "{435005F0-7C1D-4F89-B469-5FF928497C3D}"
EndProject
Project("{9A19103F-16F7-4668-BE54-9A1E7A4F7556}") = "MongoDB.UnitOfWork.Abstractions", "src\MongoDB.UnitOfWork.Abstractions\MongoDB.UnitOfWork.Abstractions.csproj", "{85D3839F-9136-4EDE-B6BE-7C474C22BF6C}"
EndProject
Project("{2150E333-8FDC-42A3-9474-1A3956D46DE8}") = "samples", "samples", "{C1655606-2649-42D8-9C6A-68FF6856CB4E}"
EndProject
Project("{9A19103F-16F7-4668-BE54-9A1E7A4F7556}") = "MongoDB.Models", "samples\MongoDB.Models\MongoDB.Models.csproj", "{70E3124A-AA73-40E4-B3B0-A053E5B9F57F}"
EndProject
Project("{9A19103F-16F7-4668-BE54-9A1E7A4F7556}") = "MongoDB.Data", "samples\MongoDB.Data\MongoDB.Data.csproj", "{BD1102F5-9463-4282-ADE4-166E4A815BAD}"
EndProject
Project("{9A19103F-16F7-4668-BE54-9A1E7A4F7556}") = "MongoDB.Generators", "src\MongoDB.Generators\MongoDB.Generators.csproj", "{D4E7D89A-C7FC-428E-8A74-FCB16B7AEF2D}"
EndProject
Project("{9A19103F-16F7-4668-BE54-9A1E7A4F7556}") = "MongoDB.WebAPI", "samples\MongoDB.WebAPI\MongoDB.WebAPI.csproj", "{85204C06-2D13-450A-90A2-208E61102B7F}"
EndProject
Project("{2150E333-8FDC-42A3-9474-1A3956D46DE8}") = ".github", ".github", "{B86F28D8-833D-434F-8A27-8CF35F62EDE4}"
EndProject
Project("{2150E333-8FDC-42A3-9474-1A3956D46DE8}") = "workflows", "workflows", "{5695AC46-42F8-4264-B15C-75D5C3523E67}"
	ProjectSection(SolutionItems) = preProject
		.github\workflows\build-and-publish.yml = .github\workflows\build-and-publish.yml
	EndProjectSection
EndProject
Global
	GlobalSection(SolutionConfigurationPlatforms) = preSolution
		Debug|Any CPU = Debug|Any CPU
		Release|Any CPU = Release|Any CPU
	EndGlobalSection
	GlobalSection(ProjectConfigurationPlatforms) = postSolution
		{8C1B8E35-DE60-4CC2-9B6A-497D24A46E8D}.Debug|Any CPU.ActiveCfg = Debug|Any CPU
		{8C1B8E35-DE60-4CC2-9B6A-497D24A46E8D}.Debug|Any CPU.Build.0 = Debug|Any CPU
		{8C1B8E35-DE60-4CC2-9B6A-497D24A46E8D}.Release|Any CPU.ActiveCfg = Release|Any CPU
		{8C1B8E35-DE60-4CC2-9B6A-497D24A46E8D}.Release|Any CPU.Build.0 = Release|Any CPU
		{F4410309-32AA-45EA-968B-139F8F3D8739}.Debug|Any CPU.ActiveCfg = Debug|Any CPU
		{F4410309-32AA-45EA-968B-139F8F3D8739}.Debug|Any CPU.Build.0 = Debug|Any CPU
		{F4410309-32AA-45EA-968B-139F8F3D8739}.Release|Any CPU.ActiveCfg = Release|Any CPU
		{F4410309-32AA-45EA-968B-139F8F3D8739}.Release|Any CPU.Build.0 = Release|Any CPU
		{9A1A10BD-224D-47A0-A4A9-10D1D8AE847E}.Debug|Any CPU.ActiveCfg = Debug|Any CPU
		{9A1A10BD-224D-47A0-A4A9-10D1D8AE847E}.Debug|Any CPU.Build.0 = Debug|Any CPU
		{9A1A10BD-224D-47A0-A4A9-10D1D8AE847E}.Release|Any CPU.ActiveCfg = Release|Any CPU
		{9A1A10BD-224D-47A0-A4A9-10D1D8AE847E}.Release|Any CPU.Build.0 = Release|Any CPU
		{459BA736-6BCC-45B8-A941-749B20362FE5}.Debug|Any CPU.ActiveCfg = Debug|Any CPU
		{459BA736-6BCC-45B8-A941-749B20362FE5}.Debug|Any CPU.Build.0 = Debug|Any CPU
		{459BA736-6BCC-45B8-A941-749B20362FE5}.Release|Any CPU.ActiveCfg = Release|Any CPU
		{459BA736-6BCC-45B8-A941-749B20362FE5}.Release|Any CPU.Build.0 = Release|Any CPU
		{D75ED75F-372C-45A7-8F51-5CF1C59C0008}.Debug|Any CPU.ActiveCfg = Debug|Any CPU
		{D75ED75F-372C-45A7-8F51-5CF1C59C0008}.Debug|Any CPU.Build.0 = Debug|Any CPU
		{D75ED75F-372C-45A7-8F51-5CF1C59C0008}.Release|Any CPU.ActiveCfg = Release|Any CPU
		{D75ED75F-372C-45A7-8F51-5CF1C59C0008}.Release|Any CPU.Build.0 = Release|Any CPU
		{ED0A8A1D-2F93-4D6B-B0F7-82BCBD29D796}.Debug|Any CPU.ActiveCfg = Debug|Any CPU
		{ED0A8A1D-2F93-4D6B-B0F7-82BCBD29D796}.Debug|Any CPU.Build.0 = Debug|Any CPU
		{ED0A8A1D-2F93-4D6B-B0F7-82BCBD29D796}.Release|Any CPU.ActiveCfg = Release|Any CPU
		{ED0A8A1D-2F93-4D6B-B0F7-82BCBD29D796}.Release|Any CPU.Build.0 = Release|Any CPU
		{5B5EF722-2550-4E6E-91EB-FFF7186DD1E5}.Debug|Any CPU.ActiveCfg = Debug|Any CPU
		{5B5EF722-2550-4E6E-91EB-FFF7186DD1E5}.Debug|Any CPU.Build.0 = Debug|Any CPU
		{5B5EF722-2550-4E6E-91EB-FFF7186DD1E5}.Release|Any CPU.ActiveCfg = Release|Any CPU
		{5B5EF722-2550-4E6E-91EB-FFF7186DD1E5}.Release|Any CPU.Build.0 = Release|Any CPU
		{435005F0-7C1D-4F89-B469-5FF928497C3D}.Debug|Any CPU.ActiveCfg = Debug|Any CPU
		{435005F0-7C1D-4F89-B469-5FF928497C3D}.Debug|Any CPU.Build.0 = Debug|Any CPU
		{435005F0-7C1D-4F89-B469-5FF928497C3D}.Release|Any CPU.ActiveCfg = Release|Any CPU
		{435005F0-7C1D-4F89-B469-5FF928497C3D}.Release|Any CPU.Build.0 = Release|Any CPU
		{85D3839F-9136-4EDE-B6BE-7C474C22BF6C}.Debug|Any CPU.ActiveCfg = Debug|Any CPU
		{85D3839F-9136-4EDE-B6BE-7C474C22BF6C}.Debug|Any CPU.Build.0 = Debug|Any CPU
		{85D3839F-9136-4EDE-B6BE-7C474C22BF6C}.Release|Any CPU.ActiveCfg = Release|Any CPU
		{85D3839F-9136-4EDE-B6BE-7C474C22BF6C}.Release|Any CPU.Build.0 = Release|Any CPU
		{70E3124A-AA73-40E4-B3B0-A053E5B9F57F}.Debug|Any CPU.ActiveCfg = Debug|Any CPU
		{70E3124A-AA73-40E4-B3B0-A053E5B9F57F}.Debug|Any CPU.Build.0 = Debug|Any CPU
		{70E3124A-AA73-40E4-B3B0-A053E5B9F57F}.Release|Any CPU.ActiveCfg = Release|Any CPU
		{70E3124A-AA73-40E4-B3B0-A053E5B9F57F}.Release|Any CPU.Build.0 = Release|Any CPU
		{BD1102F5-9463-4282-ADE4-166E4A815BAD}.Debug|Any CPU.ActiveCfg = Debug|Any CPU
		{BD1102F5-9463-4282-ADE4-166E4A815BAD}.Debug|Any CPU.Build.0 = Debug|Any CPU
		{BD1102F5-9463-4282-ADE4-166E4A815BAD}.Release|Any CPU.ActiveCfg = Release|Any CPU
		{BD1102F5-9463-4282-ADE4-166E4A815BAD}.Release|Any CPU.Build.0 = Release|Any CPU
		{D4E7D89A-C7FC-428E-8A74-FCB16B7AEF2D}.Debug|Any CPU.ActiveCfg = Debug|Any CPU
		{D4E7D89A-C7FC-428E-8A74-FCB16B7AEF2D}.Debug|Any CPU.Build.0 = Debug|Any CPU
		{D4E7D89A-C7FC-428E-8A74-FCB16B7AEF2D}.Release|Any CPU.ActiveCfg = Release|Any CPU
		{D4E7D89A-C7FC-428E-8A74-FCB16B7AEF2D}.Release|Any CPU.Build.0 = Release|Any CPU
		{85204C06-2D13-450A-90A2-208E61102B7F}.Debug|Any CPU.ActiveCfg = Debug|Any CPU
		{85204C06-2D13-450A-90A2-208E61102B7F}.Debug|Any CPU.Build.0 = Debug|Any CPU
		{85204C06-2D13-450A-90A2-208E61102B7F}.Release|Any CPU.ActiveCfg = Release|Any CPU
		{85204C06-2D13-450A-90A2-208E61102B7F}.Release|Any CPU.Build.0 = Release|Any CPU
	EndGlobalSection
	GlobalSection(SolutionProperties) = preSolution
		HideSolutionNode = FALSE
	EndGlobalSection
	GlobalSection(NestedProjects) = preSolution
		{A049B7EB-4415-49C3-9AB4-0252C761E551} = {ABF4EA44-75EB-4B32-B371-573AF8362F7A}
		{B62A1B91-D350-4DF4-9584-6C59907EE749} = {ABF4EA44-75EB-4B32-B371-573AF8362F7A}
		{8C1B8E35-DE60-4CC2-9B6A-497D24A46E8D} = {C5B395B7-0995-4A3A-A482-0876E96E6209}
		{F4410309-32AA-45EA-968B-139F8F3D8739} = {B62A1B91-D350-4DF4-9584-6C59907EE749}
		{9A1A10BD-224D-47A0-A4A9-10D1D8AE847E} = {B62A1B91-D350-4DF4-9584-6C59907EE749}
		{459BA736-6BCC-45B8-A941-749B20362FE5} = {B62A1B91-D350-4DF4-9584-6C59907EE749}
		{D75ED75F-372C-45A7-8F51-5CF1C59C0008} = {B62A1B91-D350-4DF4-9584-6C59907EE749}
		{ED0A8A1D-2F93-4D6B-B0F7-82BCBD29D796} = {A049B7EB-4415-49C3-9AB4-0252C761E551}
		{5B5EF722-2550-4E6E-91EB-FFF7186DD1E5} = {A049B7EB-4415-49C3-9AB4-0252C761E551}
		{435005F0-7C1D-4F89-B469-5FF928497C3D} = {A049B7EB-4415-49C3-9AB4-0252C761E551}
		{85D3839F-9136-4EDE-B6BE-7C474C22BF6C} = {A049B7EB-4415-49C3-9AB4-0252C761E551}
		{70E3124A-AA73-40E4-B3B0-A053E5B9F57F} = {C1655606-2649-42D8-9C6A-68FF6856CB4E}
		{BD1102F5-9463-4282-ADE4-166E4A815BAD} = {C1655606-2649-42D8-9C6A-68FF6856CB4E}
		{D4E7D89A-C7FC-428E-8A74-FCB16B7AEF2D} = {B62A1B91-D350-4DF4-9584-6C59907EE749}
		{85204C06-2D13-450A-90A2-208E61102B7F} = {C1655606-2649-42D8-9C6A-68FF6856CB4E}
		{B86F28D8-833D-434F-8A27-8CF35F62EDE4} = {CA1E4156-BDF6-4C3A-9F97-81AB7A11DE18}
		{5695AC46-42F8-4264-B15C-75D5C3523E67} = {B86F28D8-833D-434F-8A27-8CF35F62EDE4}
	EndGlobalSection
	GlobalSection(ExtensibilityGlobals) = postSolution
		SolutionGuid = {4FDB1E1A-18F1-4C4C-AA31-AA8EB4117889}
	EndGlobalSection
EndGlobal
